PODS:
  - PivoBasicSDK (0.0.10)

DEPENDENCIES:
  - PivoBasicSDK (from `https://github.com/pivo-inc/pivo-basic-sdk-ios.git`, tag `0.0.10`)

EXTERNAL SOURCES:
  PivoBasicSDK:
    :git: https://github.com/pivo-inc/pivo-basic-sdk-ios.git
    :tag: 0.0.10

CHECKOUT OPTIONS:
  PivoBasicSDK:
    :git: https://github.com/pivo-inc/pivo-basic-sdk-ios.git
    :tag: 0.0.10

SPEC CHECKSUMS:
  PivoBasicSDK: a169b27078071859f675a3a9a72d2e895c831e95

PODFILE CHECKSUM: 1d054a5b2c6820d1e91019c7e0665447559c7d55

COCOAPODS: 1.11.3
